
Microsoft Visual Studio Solution File, Format Version 12.00
# Visual Studio Version 16
VisualStudioVersion = 16.0.30413.136
MinimumVisualStudioVersion = 10.0.40219.1
Project("{FAE04EC0-301F-11D3-BF4B-00C04F79EFBC}") = "lab2_aoci", "lab2_aoci\lab2_aoci.csproj", "{0CE2C59C-C867-41B5-A1B4-752091D264E4}"
EndProject
Global
	GlobalSection(SolutionConfigurationPlatforms) = preSolution
		Debug|Any CPU = Debug|Any CPU
		Release|Any CPU = Release|Any CPU
	EndGlobalSection
	GlobalSection(ProjectConfigurationPlatforms) = postSolution
		{0CE2C59C-C867-41B5-A1B4-752091D264E4}.Debug|Any CPU.ActiveCfg = Debug|Any CPU
		{0CE2C59C-C867-41B5-A1B4-752091D264E4}.Debug|Any CPU.Build.0 = Debug|Any CPU
		{0CE2C59C-C867-41B5-A1B4-752091D264E4}.Release|Any CPU.ActiveCfg = Release|Any CPU
		{0CE2C59C-C867-41B5-A1B4-752091D264E4}.Release|Any CPU.Build.0 = Release|Any CPU
	EndGlobalSection
	GlobalSection(SolutionProperties) = preSolution
		HideSolutionNode = FALSE
	EndGlobalSection
	GlobalSection(ExtensibilityGlobals) = postSolution
		SolutionGuid = {FB3578B9-954E-4DB1-A288-C16C9EF8A560}
	EndGlobalSection
EndGlobal
